
Microsoft Visual Studio Solution File, Format Version 12.00
# Visual Studio Version 16
VisualStudioVersion = 16.0.29424.173
MinimumVisualStudioVersion = 10.0.40219.1
Project("{FAE04EC0-301F-11D3-BF4B-00C04F79EFBC}") = "ScannerApp2", "ScannerApp2\ScannerApp2.csproj", "{02A79CDE-D160-4353-92D7-4839BAD37218}"
EndProject
Project("{FAE04EC0-301F-11D3-BF4B-00C04F79EFBC}") = "DataLibrary", "DataLibrary\DataLibrary.csproj", "{750C6804-DD66-4A3F-90A1-C47D0F444926}"
EndProject
Project("{00D1A9C2-B5F0-4AF3-8072-F6C62B433612}") = "BuildingAccess", "BuildingAccess\BuildingAccess.sqlproj", "{BEA7EF4D-2C73-4E13-9023-5019C112A5A0}"
EndProject
Global
	GlobalSection(SolutionConfigurationPlatforms) = preSolution
		Debug|Any CPU = Debug|Any CPU
		Release|Any CPU = Release|Any CPU
	EndGlobalSection
	GlobalSection(ProjectConfigurationPlatforms) = postSolution
		{02A79CDE-D160-4353-92D7-4839BAD37218}.Debug|Any CPU.ActiveCfg = Debug|Any CPU
		{02A79CDE-D160-4353-92D7-4839BAD37218}.Debug|Any CPU.Build.0 = Debug|Any CPU
		{02A79CDE-D160-4353-92D7-4839BAD37218}.Release|Any CPU.ActiveCfg = Release|Any CPU
		{02A79CDE-D160-4353-92D7-4839BAD37218}.Release|Any CPU.Build.0 = Release|Any CPU
		{750C6804-DD66-4A3F-90A1-C47D0F444926}.Debug|Any CPU.ActiveCfg = Debug|Any CPU
		{750C6804-DD66-4A3F-90A1-C47D0F444926}.Debug|Any CPU.Build.0 = Debug|Any CPU
		{750C6804-DD66-4A3F-90A1-C47D0F444926}.Release|Any CPU.ActiveCfg = Release|Any CPU
		{750C6804-DD66-4A3F-90A1-C47D0F444926}.Release|Any CPU.Build.0 = Release|Any CPU
		{BEA7EF4D-2C73-4E13-9023-5019C112A5A0}.Debug|Any CPU.ActiveCfg = Debug|Any CPU
		{BEA7EF4D-2C73-4E13-9023-5019C112A5A0}.Debug|Any CPU.Build.0 = Debug|Any CPU
		{BEA7EF4D-2C73-4E13-9023-5019C112A5A0}.Debug|Any CPU.Deploy.0 = Debug|Any CPU
		{BEA7EF4D-2C73-4E13-9023-5019C112A5A0}.Release|Any CPU.ActiveCfg = Release|Any CPU
		{BEA7EF4D-2C73-4E13-9023-5019C112A5A0}.Release|Any CPU.Build.0 = Release|Any CPU
		{BEA7EF4D-2C73-4E13-9023-5019C112A5A0}.Release|Any CPU.Deploy.0 = Release|Any CPU
	EndGlobalSection
	GlobalSection(SolutionProperties) = preSolution
		HideSolutionNode = FALSE
	EndGlobalSection
	GlobalSection(ExtensibilityGlobals) = postSolution
		SolutionGuid = {2D0BB0A0-D6A0-4FD4-94A0-B32187FB31AC}
	EndGlobalSection
EndGlobal
